
Microsoft Visual Studio Solution File, Format Version 12.00
# Visual Studio Version 17
VisualStudioVersion = 17.14.36109.1 d17.14
MinimumVisualStudioVersion = 10.0.40219.1
Project("{FAE04EC0-301F-11D3-BF4B-00C04F79EFBC}") = "Uni_File", "Uni_File\Uni_File.csproj", "{306C1525-7A16-40D2-BFEB-DF9B375A04D6}"
EndProject
Global
	GlobalSection(SolutionConfigurationPlatforms) = preSolution
		Debug|Any CPU = Debug|Any CPU
		Release|Any CPU = Release|Any CPU
	EndGlobalSection
	GlobalSection(ProjectConfigurationPlatforms) = postSolution
		{306C1525-7A16-40D2-BFEB-DF9B375A04D6}.Debug|Any CPU.ActiveCfg = Debug|Any CPU
		{306C1525-7A16-40D2-BFEB-DF9B375A04D6}.Debug|Any CPU.Build.0 = Debug|Any CPU
		{306C1525-7A16-40D2-BFEB-DF9B375A04D6}.Release|Any CPU.ActiveCfg = Release|Any CPU
		{306C1525-7A16-40D2-BFEB-DF9B375A04D6}.Release|Any CPU.Build.0 = Release|Any CPU
	EndGlobalSection
	GlobalSection(SolutionProperties) = preSolution
		HideSolutionNode = FALSE
	EndGlobalSection
	GlobalSection(ExtensibilityGlobals) = postSolution
		SolutionGuid = {13473D13-8768-4D55-B11C-D0727C204AB5}
	EndGlobalSection
EndGlobal
